
Microsoft Visual Studio Solution File, Format Version 12.00
# Visual Studio Version 17
VisualStudioVersion = 17.5.33530.505
MinimumVisualStudioVersion = 10.0.40219.1
Project("{FAE04EC0-301F-11D3-BF4B-00C04F79EFBC}") = "bd", "bd\bd.csproj", "{3E78259E-D9FD-40CA-91B3-AF3C638065B7}"
EndProject
Global
	GlobalSection(SolutionConfigurationPlatforms) = preSolution
		Debug|Any CPU = Debug|Any CPU
		Release|Any CPU = Release|Any CPU
	EndGlobalSection
	GlobalSection(ProjectConfigurationPlatforms) = postSolution
		{3E78259E-D9FD-40CA-91B3-AF3C638065B7}.Debug|Any CPU.ActiveCfg = Debug|Any CPU
		{3E78259E-D9FD-40CA-91B3-AF3C638065B7}.Debug|Any CPU.Build.0 = Debug|Any CPU
		{3E78259E-D9FD-40CA-91B3-AF3C638065B7}.Release|Any CPU.ActiveCfg = Release|Any CPU
		{3E78259E-D9FD-40CA-91B3-AF3C638065B7}.Release|Any CPU.Build.0 = Release|Any CPU
	EndGlobalSection
	GlobalSection(SolutionProperties) = preSolution
		HideSolutionNode = FALSE
	EndGlobalSection
	GlobalSection(ExtensibilityGlobals) = postSolution
		SolutionGuid = {D03EE07D-412E-48ED-B153-63CDAA412946}
	EndGlobalSection
EndGlobal
